// !$*UTF8*$!
{
	archiveVersion = 1;
	classes = {
	};
	objectVersion = 55;
	objects = {

/* Begin PBXBuildFile section */
		6E799E372731DB4A006DD1C2 /* CoreDataProjectApp.swift in Sources */ = {isa = PBXBuildFile; fileRef = 6E799E362731DB4A006DD1C2 /* CoreDataProjectApp.swift */; };
		6E799E392731DB4A006DD1C2 /* ContentView.swift in Sources */ = {isa = PBXBuildFile; fileRef = 6E799E382731DB4A006DD1C2 /* ContentView.swift */; };
		6E799E3B2731DB4B006DD1C2 /* Assets.xcassets in Resources */ = {isa = PBXBuildFile; fileRef = 6E799E3A2731DB4B006DD1C2 /* Assets.xcassets */; };
		6E799E3E2731DB4B006DD1C2 /* Preview Assets.xcassets in Resources */ = {isa = PBXBuildFile; fileRef = 6E799E3D2731DB4B006DD1C2 /* Preview Assets.xcassets */; };
		6E799E402731DB4B006DD1C2 /* Persistence.swift in Sources */ = {isa = PBXBuildFile; fileRef = 6E799E3F2731DB4B006DD1C2 /* Persistence.swift */; };
		6E799E432731DB4B006DD1C2 /* CoreDataProject.xcdatamodeld in Sources */ = {isa = PBXBuildFile; fileRef = 6E799E412731DB4B006DD1C2 /* CoreDataProject.xcdatamodeld */; };
		6EE2839B273340DE000619B5 /* FilteredList.swift in Sources */ = {isa = PBXBuildFile; fileRef = 6EE2839A273340DE000619B5 /* FilteredList.swift */; };
		6EE283AC273C04CD000619B5 /* Candy+CoreDataClass.swift in Sources */ = {isa = PBXBuildFile; fileRef = 6EE283A8273C04CD000619B5 /* Candy+CoreDataClass.swift */; };
		6EE283AD273C04CD000619B5 /* Country+CoreDataClass.swift in Sources */ = {isa = PBXBuildFile; fileRef = 6EE283A9273C04CD000619B5 /* Country+CoreDataClass.swift */; };
		6EE283AE273C04CD000619B5 /* Candy+CoreDataProperties.swift in Sources */ = {isa = PBXBuildFile; fileRef = 6EE283AA273C04CD000619B5 /* Candy+CoreDataProperties.swift */; };
		6EE283AF273C04CD000619B5 /* Country+CoreDataProperties.swift in Sources */ = {isa = PBXBuildFile; fileRef = 6EE283AB273C04CD000619B5 /* Country+CoreDataProperties.swift */; };
		6EE283B2273C0662000619B5 /* Singer+CoreDataClass.swift in Sources */ = {isa = PBXBuildFile; fileRef = 6EE283B0273C0662000619B5 /* Singer+CoreDataClass.swift */; };
		6EE283B3273C0662000619B5 /* Singer+CoreDataProperties.swift in Sources */ = {isa = PBXBuildFile; fileRef = 6EE283B1273C0662000619B5 /* Singer+CoreDataProperties.swift */; };
/* End PBXBuildFile section */

/* Begin PBXFileReference section */
		6E799E332731DB4A006DD1C2 /* CoreDataProject.app */ = {isa = PBXFileReference; explicitFileType = wrapper.application; includeInIndex = 0; path = CoreDataProject.app; sourceTree = BUILT_PRODUCTS_DIR; };
		6E799E362731DB4A006DD1C2 /* CoreDataProjectApp.swift */ = {isa = PBXFileReference; lastKnownFileType = sourcecode.swift; path = CoreDataProjectApp.swift; sourceTree = "<group>"; };
		6E799E382731DB4A006DD1C2 /* ContentView.swift */ = {isa = PBXFileReference; lastKnownFileType = sourcecode.swift; path = ContentView.swift; sourceTree = "<group>"; };
		6E799E3A2731DB4B006DD1C2 /* Assets.xcassets */ = {isa = PBXFileReference; lastKnownFileType = folder.assetcatalog; path = Assets.xcassets; sourceTree = "<group>"; };
		6E799E3D2731DB4B006DD1C2 /* Preview Assets.xcassets */ = {isa = PBXFileReference; lastKnownFileType = folder.assetcatalog; path = "Preview Assets.xcassets"; sourceTree = "<group>"; };
		6E799E3F2731DB4B006DD1C2 /* Persistence.swift */ = {isa = PBXFileReference; lastKnownFileType = sourcecode.swift; path = Persistence.swift; sourceTree = "<group>"; };
		6E799E422731DB4B006DD1C2 /* CoreDataProject.xcdatamodel */ = {isa = PBXFileReference; lastKnownFileType = wrapper.xcdatamodel; path = CoreDataProject.xcdatamodel; sourceTree = "<group>"; };
		6EE2839A273340DE000619B5 /* FilteredList.swift */ = {isa = PBXFileReference; lastKnownFileType = sourcecode.swift; path = FilteredList.swift; sourceTree = "<group>"; };
		6EE283A8273C04CD000619B5 /* Candy+CoreDataClass.swift */ = {isa = PBXFileReference; fileEncoding = 4; lastKnownFileType = sourcecode.swift; name = "Candy+CoreDataClass.swift"; path = "CoreDataProject/Candy+CoreDataClass.swift"; sourceTree = "<group>"; };
		6EE283A9273C04CD000619B5 /* Country+CoreDataClass.swift */ = {isa = PBXFileReference; fileEncoding = 4; lastKnownFileType = sourcecode.swift; name = "Country+CoreDataClass.swift"; path = "CoreDataProject/Country+CoreDataClass.swift"; sourceTree = "<group>"; };
		6EE283AA273C04CD000619B5 /* Candy+CoreDataProperties.swift */ = {isa = PBXFileReference; fileEncoding = 4; lastKnownFileType = sourcecode.swift; name = "Candy+CoreDataProperties.swift"; path = "CoreDataProject/Candy+CoreDataProperties.swift"; sourceTree = "<group>"; };
		6EE283AB273C04CD000619B5 /* Country+CoreDataProperties.swift */ = {isa = PBXFileReference; fileEncoding = 4; lastKnownFileType = sourcecode.swift; name = "Country+CoreDataProperties.swift"; path = "CoreDataProject/Country+CoreDataProperties.swift"; sourceTree = "<group>"; };
		6EE283B0273C0662000619B5 /* Singer+CoreDataClass.swift */ = {isa = PBXFileReference; fileEncoding = 4; lastKnownFileType = sourcecode.swift; name = "Singer+CoreDataClass.swift"; path = "CoreDataProject/Singer+CoreDataClass.swift"; sourceTree = "<group>"; };
		6EE283B1273C0662000619B5 /* Singer+CoreDataProperties.swift */ = {isa = PBXFileReference; fileEncoding = 4; lastKnownFileType = sourcecode.swift; name = "Singer+CoreDataProperties.swift"; path = "CoreDataProject/Singer+CoreDataProperties.swift"; sourceTree = "<group>"; };
/* End PBXFileReference section */

/* Begin PBXFrameworksBuildPhase section */
		6E799E302731DB4A006DD1C2 /* Frameworks */ = {
			isa = PBXFrameworksBuildPhase;
			buildActionMask = 2147483647;
			files = (
			);
			runOnlyForDeploymentPostprocessing = 0;
		};
/* End PBXFrameworksBuildPhase section */

/* Begin PBXGroup section */
		6E799E2A2731DB4A006DD1C2 = {
			isa = PBXGroup;
			children = (
				6EE283A8273C04CD000619B5 /* Candy+CoreDataClass.swift */,
				6EE283AA273C04CD000619B5 /* Candy+CoreDataProperties.swift */,
				6EE283A9273C04CD000619B5 /* Country+CoreDataClass.swift */,
				6EE283AB273C04CD000619B5 /* Country+CoreDataProperties.swift */,
				6EE283B0273C0662000619B5 /* Singer+CoreDataClass.swift */,
				6EE283B1273C0662000619B5 /* Singer+CoreDataProperties.swift */,
				6E799E352731DB4A006DD1C2 /* CoreDataProject */,
				6E799E342731DB4A006DD1C2 /* Products */,
			);
			sourceTree = "<group>";
		};
		6E799E342731DB4A006DD1C2 /* Products */ = {
			isa = PBXGroup;
			children = (
				6E799E332731DB4A006DD1C2 /* CoreDataProject.app */,
			);
			name = Products;
			sourceTree = "<group>";
		};
		6E799E352731DB4A006DD1C2 /* CoreDataProject */ = {
			isa = PBXGroup;
			children = (
				6E799E362731DB4A006DD1C2 /* CoreDataProjectApp.swift */,
				6E799E382731DB4A006DD1C2 /* ContentView.swift */,
				6EE2839A273340DE000619B5 /* FilteredList.swift */,
				6E799E3F2731DB4B006DD1C2 /* Persistence.swift */,
				6E799E412731DB4B006DD1C2 /* CoreDataProject.xcdatamodeld */,
				6E799E3A2731DB4B006DD1C2 /* Assets.xcassets */,
				6E799E3C2731DB4B006DD1C2 /* Preview Content */,
			);
			path = CoreDataProject;
			sourceTree = "<group>";
		};
		6E799E3C2731DB4B006DD1C2 /* Preview Content */ = {
			isa = PBXGroup;
			children = (
				6E799E3D2731DB4B006DD1C2 /* Preview Assets.xcassets */,
			);
			path = "Preview Content";
			sourceTree = "<group>";
		};
/* End PBXGroup section */

/* Begin PBXNativeTarget section */
		6E799E322731DB4A006DD1C2 /* CoreDataProject */ = {
			isa = PBXNativeTarget;
			buildConfigurationList = 6E799E462731DB4B006DD1C2 /* Build configuration list for PBXNativeTarget "CoreDataProject" */;
			buildPhases = (
				6E799E2F2731DB4A006DD1C2 /* Sources */,
				6E799E302731DB4A006DD1C2 /* Frameworks */,
				6E799E312731DB4A006DD1C2 /* Resources */,
			);
			buildRules = (
			);
			dependencies = (
			);
			name = CoreDataProject;
			productName = CoreDataProject;
			productReference = 6E799E332731DB4A006DD1C2 /* CoreDataProject.app */;
			productType = "com.apple.product-type.application";
		};
/* End PBXNativeTarget section */

/* Begin PBXProject section */
		6E799E2B2731DB4A006DD1C2 /* Project object */ = {
			isa = PBXProject;
			attributes = {
				BuildIndependentTargetsInParallel = 1;
				LastSwiftUpdateCheck = 1310;
				LastUpgradeCheck = 1310;
				TargetAttributes = {
					6E799E322731DB4A006DD1C2 = {
						CreatedOnToolsVersion = 13.1;
					};
				};
			};
			buildConfigurationList = 6E799E2E2731DB4A006DD1C2 /* Build configuration list for PBXProject "CoreDataProject" */;
			compatibilityVersion = "Xcode 13.0";
			developmentRegion = en;
			hasScannedForEncodings = 0;
			knownRegions = (
				en,
				Base,
			);
			mainGroup = 6E799E2A2731DB4A006DD1C2;
			productRefGroup = 6E799E342731DB4A006DD1C2 /* Products */;
			projectDirPath = "";
			projectRoot = "";
			targets = (
				6E799E322731DB4A006DD1C2 /* CoreDataProject */,
			);
		};
/* End PBXProject section */

/* Begin PBXResourcesBuildPhase section */
		6E799E312731DB4A006DD1C2 /* Resources */ = {
			isa = PBXResourcesBuildPhase;
			buildActionMask = 2147483647;
			files = (
				6E799E3E2731DB4B006DD1C2 /* Preview Assets.xcassets in Resources */,
				6E799E3B2731DB4B006DD1C2 /* Assets.xcassets in Resources */,
			);
			runOnlyForDeploymentPostprocessing = 0;
		};
/* End PBXResourcesBuildPhase section */

/* Begin PBXSourcesBuildPhase section */
		6E799E2F2731DB4A006DD1C2 /* Sources */ = {
			isa = PBXSourcesBuildPhase;
			buildActionMask = 2147483647;
			files = (
				6E799E402731DB4B006DD1C2 /* Persistence.swift in Sources */,
				6EE283AE273C04CD000619B5 /* Candy+CoreDataProperties.swift in Sources */,
				6E799E392731DB4A006DD1C2 /* ContentView.swift in Sources */,
				6E799E432731DB4B006DD1C2 /* CoreDataProject.xcdatamodeld in Sources */,
				6EE283B3273C0662000619B5 /* Singer+CoreDataProperties.swift in Sources */,
				6E799E372731DB4A006DD1C2 /* CoreDataProjectApp.swift in Sources */,
				6EE283AF273C04CD000619B5 /* Country+CoreDataProperties.swift in Sources */,
				6EE2839B273340DE000619B5 /* FilteredList.swift in Sources */,
				6EE283B2273C0662000619B5 /* Singer+CoreDataClass.swift in Sources */,
				6EE283AC273C04CD000619B5 /* Candy+CoreDataClass.swift in Sources */,
				6EE283AD273C04CD000619B5 /* Country+CoreDataClass.swift in Sources */,
			);
			runOnlyForDeploymentPostprocessing = 0;
		};
/* End PBXSourcesBuildPhase section */

/* Begin XCBuildConfiguration section */
		6E799E442731DB4B006DD1C2 /* Debug */ = {
			isa = XCBuildConfiguration;
			buildSettings = {
				ALWAYS_SEARCH_USER_PATHS = NO;
				CLANG_ANALYZER_NONNULL = YES;
				CLANG_ANALYZER_NUMBER_OBJECT_CONVERSION = YES_AGGRESSIVE;
				CLANG_CXX_LANGUAGE_STANDARD = "gnu++17";
				CLANG_CXX_LIBRARY = "libc++";
				CLANG_ENABLE_MODULES = YES;
				CLANG_ENABLE_OBJC_ARC = YES;
				CLANG_ENABLE_OBJC_WEAK = YES;
				CLANG_WARN_BLOCK_CAPTURE_AUTORELEASING = YES;
				CLANG_WARN_BOOL_CONVERSION = YES;
				CLANG_WARN_COMMA = YES;
				CLANG_WARN_CONSTANT_CONVERSION = YES;
				CLANG_WARN_DEPRECATED_OBJC_IMPLEMENTATIONS = YES;
				CLANG_WARN_DIRECT_OBJC_ISA_USAGE = YES_ERROR;
				CLANG_WARN_DOCUMENTATION_COMMENTS = YES;
				CLANG_WARN_EMPTY_BODY = YES;
				CLANG_WARN_ENUM_CONVERSION = YES;
				CLANG_WARN_INFINITE_RECURSION = YES;
				CLANG_WARN_INT_CONVERSION = YES;
				CLANG_WARN_NON_LITERAL_NULL_CONVERSION = YES;
				CLANG_WARN_OBJC_IMPLICIT_RETAIN_SELF = YES;
				CLANG_WARN_OBJC_LITERAL_CONVERSION = YES;
				CLANG_WARN_OBJC_ROOT_CLASS = YES_ERROR;
				CLANG_WARN_QUOTED_INCLUDE_IN_FRAMEWORK_HEADER = YES;
				CLANG_WARN_RANGE_LOOP_ANALYSIS = YES;
				CLANG_WARN_STRICT_PROTOTYPES = YES;
				CLANG_WARN_SUSPICIOUS_MOVE = YES;
				CLANG_WARN_UNGUARDED_AVAILABILITY = YES_AGGRESSIVE;
				CLANG_WARN_UNREACHABLE_CODE = YES;
				CLANG_WARN__DUPLICATE_METHOD_MATCH = YES;
				COPY_PHASE_STRIP = NO;
				DEBUG_INFORMATION_FORMAT = dwarf;
				ENABLE_STRICT_OBJC_MSGSEND = YES;
				ENABLE_TESTABILITY = YES;
				GCC_C_LANGUAGE_STANDARD = gnu11;
				GCC_DYNAMIC_NO_PIC = NO;
				GCC_NO_COMMON_BLOCKS = YES;
				GCC_OPTIMIZATION_LEVEL = 0;
				GCC_PREPROCESSOR_DEFINITIONS = (
					"DEBUG=1",
					"$(inherited)",
				);
				GCC_WARN_64_TO_32_BIT_CONVERSION = YES;
				GCC_WARN_ABOUT_RETURN_TYPE = YES_ERROR;
				GCC_WARN_UNDECLARED_SELECTOR = YES;
				GCC_WARN_UNINITIALIZED_AUTOS = YES_AGGRESSIVE;
				GCC_WARN_UNUSED_FUNCTION = YES;
				GCC_WARN_UNUSED_VARIABLE = YES;
				IPHONEOS_DEPLOYMENT_TARGET = 15.0;
				MTL_ENABLE_DEBUG_INFO = INCLUDE_SOURCE;
				MTL_FAST_MATH = YES;
				ONLY_ACTIVE_ARCH = YES;
				SDKROOT = iphoneos;
				SWIFT_ACTIVE_COMPILATION_CONDITIONS = DEBUG;
				SWIFT_OPTIMIZATION_LEVEL = "-Onone";
			};
			name = Debug;
		};
		6E799E452731DB4B006DD1C2 /* Release */ = {
			isa = XCBuildConfiguration;
			buildSettings = {
				ALWAYS_SEARCH_USER_PATHS = NO;
				CLANG_ANALYZER_NONNULL = YES;
				CLANG_ANALYZER_NUMBER_OBJECT_CONVERSION = YES_AGGRESSIVE;
				CLANG_CXX_LANGUAGE_STANDARD = "gnu++17";
				CLANG_CXX_LIBRARY = "libc++";
				CLANG_ENABLE_MODULES = YES;
				CLANG_ENABLE_OBJC_ARC = YES;
				CLANG_ENABLE_OBJC_WEAK = YES;
				CLANG_WARN_BLOCK_CAPTURE_AUTORELEASING = YES;
				CLANG_WARN_BOOL_CONVERSION = YES;
				CLANG_WARN_COMMA = YES;
				CLANG_WARN_CONSTANT_CONVERSION = YES;
				CLANG_WARN_DEPRECATED_OBJC_IMPLEMENTATIONS = YES;
				CLANG_WARN_DIRECT_OBJC_ISA_USAGE = YES_ERROR;
				CLANG_WARN_DOCUMENTATION_COMMENTS = YES;
				CLANG_WARN_EMPTY_BODY = YES;
				CLANG_WARN_ENUM_CONVERSION = YES;
				CLANG_WARN_INFINITE_RECURSION = YES;
				CLANG_WARN_INT_CONVERSION = YES;
				CLANG_WARN_NON_LITERAL_NULL_CONVERSION = YES;
				CLANG_WARN_OBJC_IMPLICIT_RETAIN_SELF = YES;
				CLANG_WARN_OBJC_LITERAL_CONVERSION = YES;
				CLANG_WARN_OBJC_ROOT_CLASS = YES_ERROR;
				CLANG_WARN_QUOTED_INCLUDE_IN_FRAMEWORK_HEADER = YES;
				CLANG_WARN_RANGE_LOOP_ANALYSIS = YES;
				CLANG_WARN_STRICT_PROTOTYPES = YES;
				CLANG_WARN_SUSPICIOUS_MOVE = YES;
				CLANG_WARN_UNGUARDED_AVAILABILITY = YES_AGGRESSIVE;
				CLANG_WARN_UNREACHABLE_CODE = YES;
				CLANG_WARN__DUPLICATE_METHOD_MATCH = YES;
				COPY_PHASE_STRIP = NO;
				DEBUG_INFORMATION_FORMAT = "dwarf-with-dsym";
				ENABLE_NS_ASSERTIONS = NO;
				ENABLE_STRICT_OBJC_MSGSEND = YES;
				GCC_C_LANGUAGE_STANDARD = gnu11;
				GCC_NO_COMMON_BLOCKS = YES;
				GCC_WARN_64_TO_32_BIT_CONVERSION = YES;
				GCC_WARN_ABOUT_RETURN_TYPE = YES_ERROR;
				GCC_WARN_UNDECLARED_SELECTOR = YES;
				GCC_WARN_UNINITIALIZED_AUTOS = YES_AGGRESSIVE;
				GCC_WARN_UNUSED_FUNCTION = YES;
				GCC_WARN_UNUSED_VARIABLE = YES;
				IPHONEOS_DEPLOYMENT_TARGET = 15.0;
				MTL_ENABLE_DEBUG_INFO = NO;
				MTL_FAST_MATH = YES;
				SDKROOT = iphoneos;
				SWIFT_COMPILATION_MODE = wholemodule;
				SWIFT_OPTIMIZATION_LEVEL = "-O";
				VALIDATE_PRODUCT = YES;
			};
			name = Release;
		};
		6E799E472731DB4B006DD1C2 /* Debug */ = {
			isa = XCBuildConfiguration;
			buildSettings = {
				ASSETCATALOG_COMPILER_APPICON_NAME = AppIcon;
				ASSETCATALOG_COMPILER_GLOBAL_ACCENT_COLOR_NAME = AccentColor;
				CODE_SIGN_STYLE = Automatic;
				CURRENT_PROJECT_VERSION = 1;
				DEVELOPMENT_ASSET_PATHS = "\"CoreDataProject/Preview Content\"";
				DEVELOPMENT_TEAM = 4UUEFBYP76;
				ENABLE_PREVIEWS = YES;
				GENERATE_INFOPLIST_FILE = YES;
				INFOPLIST_KEY_UIApplicationSceneManifest_Generation = YES;
				INFOPLIST_KEY_UIApplicationSupportsIndirectInputEvents = YES;
				INFOPLIST_KEY_UILaunchScreen_Generation = YES;
				INFOPLIST_KEY_UISupportedInterfaceOrientations_iPad = "UIInterfaceOrientationPortrait UIInterfaceOrientationPortraitUpsideDown UIInterfaceOrientationLandscapeLeft UIInterfaceOrientationLandscapeRight";
				INFOPLIST_KEY_UISupportedInterfaceOrientations_iPhone = "UIInterfaceOrientationPortrait UIInterfaceOrientationLandscapeLeft UIInterfaceOrientationLandscapeRight";
				LD_RUNPATH_SEARCH_PATHS = (
					"$(inherited)",
					"@executable_path/Frameworks",
				);
				MARKETING_VERSION = 1.0;
				PRODUCT_BUNDLE_IDENTIFIER = LeosApps.CoreDataProject;
				PRODUCT_NAME = "$(TARGET_NAME)";
				SWIFT_EMIT_LOC_STRINGS = YES;
				SWIFT_VERSION = 5.0;
				TARGETED_DEVICE_FAMILY = "1,2";
			};
			name = Debug;
		};
		6E799E482731DB4B006DD1C2 /* Release */ = {
			isa = XCBuildConfiguration;
			buildSettings = {
				ASSETCATALOG_COMPILER_APPICON_NAME = AppIcon;
				ASSETCATALOG_COMPILER_GLOBAL_ACCENT_COLOR_NAME = AccentColor;
				CODE_SIGN_STYLE = Automatic;
				CURRENT_PROJECT_VERSION = 1;
				DEVELOPMENT_ASSET_PATHS = "\"CoreDataProject/Preview Content\"";
				DEVELOPMENT_TEAM = 4UUEFBYP76;
				ENABLE_PREVIEWS = YES;
				GENERATE_INFOPLIST_FILE = YES;
				INFOPLIST_KEY_UIApplicationSceneManifest_Generation = YES;
				INFOPLIST_KEY_UIApplicationSupportsIndirectInputEvents = YES;
				INFOPLIST_KEY_UILaunchScreen_Generation = YES;
				INFOPLIST_KEY_UISupportedInterfaceOrientations_iPad = "UIInterfaceOrientationPortrait UIInterfaceOrientationPortraitUpsideDown UIInterfaceOrientationLandscapeLeft UIInterfaceOrientationLandscapeRight";
				INFOPLIST_KEY_UISupportedInterfaceOrientations_iPhone = "UIInterfaceOrientationPortrait UIInterfaceOrientationLandscapeLeft UIInterfaceOrientationLandscapeRight";
				LD_RUNPATH_SEARCH_PATHS = (
					"$(inherited)",
					"@executable_path/Frameworks",
				);
				MARKETING_VERSION = 1.0;
				PRODUCT_BUNDLE_IDENTIFIER = LeosApps.CoreDataProject;
				PRODUCT_NAME = "$(TARGET_NAME)";
				SWIFT_EMIT_LOC_STRINGS = YES;
				SWIFT_VERSION = 5.0;
				TARGETED_DEVICE_FAMILY = "1,2";
			};
			name = Release;
		};
/* End XCBuildConfiguration section */

/* Begin XCConfigurationList section */
		6E799E2E2731DB4A006DD1C2 /* Build configuration list for PBXProject "CoreDataProject" */ = {
			isa = XCConfigurationList;
			buildConfigurations = (
				6E799E442731DB4B006DD1C2 /* Debug */,
				6E799E452731DB4B006DD1C2 /* Release */,
			);
			defaultConfigurationIsVisible = 0;
			defaultConfigurationName = Release;
		};
		6E799E462731DB4B006DD1C2 /* Build configuration list for PBXNativeTarget "CoreDataProject" */ = {
			isa = XCConfigurationList;
			buildConfigurations = (
				6E799E472731DB4B006DD1C2 /* Debug */,
				6E799E482731DB4B006DD1C2 /* Release */,
			);
			defaultConfigurationIsVisible = 0;
			defaultConfigurationName = Release;
		};
/* End XCConfigurationList section */

/* Begin XCVersionGroup section */
		6E799E412731DB4B006DD1C2 /* CoreDataProject.xcdatamodeld */ = {
			isa = XCVersionGroup;
			children = (
				6E799E422731DB4B006DD1C2 /* CoreDataProject.xcdatamodel */,
			);
			currentVersion = 6E799E422731DB4B006DD1C2 /* CoreDataProject.xcdatamodel */;
			path = CoreDataProject.xcdatamodeld;
			sourceTree = "<group>";
			versionGroupType = wrapper.xcdatamodel;
		};
/* End XCVersionGroup section */
	};
	rootObject = 6E799E2B2731DB4A006DD1C2 /* Project object */;
}
