// !$*UTF8*$!
{
	archiveVersion = 1;
	classes = {
	};
	objectVersion = 55;
	objects = {

/* Begin PBXBuildFile section */
		6E6877A827B9142000098C43 /* WeSplitApp.swift in Sources */ = {isa = PBXBuildFile; fileRef = 6E6877A727B9142000098C43 /* WeSplitApp.swift */; };
		6E6877AA27B9142000098C43 /* WeSplitForm.swift in Sources */ = {isa = PBXBuildFile; fileRef = 6E6877A927B9142000098C43 /* WeSplitForm.swift */; };
		6E6877AC27B9142100098C43 /* Assets.xcassets in Resources */ = {isa = PBXBuildFile; fileRef = 6E6877AB27B9142100098C43 /* Assets.xcassets */; };
		6E91855127BD267000984385 /* WeSplitForm-History.swift in Sources */ = {isa = PBXBuildFile; fileRef = 6E91855027BD267000984385 /* WeSplitForm-History.swift */; };
		6E91855527BD277D00984385 /* Entry.swift in Sources */ = {isa = PBXBuildFile; fileRef = 6E91855427BD277D00984385 /* Entry.swift */; };
		6E91855727BD288100984385 /* AppState.swift in Sources */ = {isa = PBXBuildFile; fileRef = 6E91855627BD288100984385 /* AppState.swift */; };
		6EDDF42927B93F7400778CF3 /* WeSplitForm-Total.swift in Sources */ = {isa = PBXBuildFile; fileRef = 6EDDF42827B93F7400778CF3 /* WeSplitForm-Total.swift */; };
		6EFA50F4288E91B900CC89CC /* AppStateTests.swift in Sources */ = {isa = PBXBuildFile; fileRef = 6EFA50F3288E91B900CC89CC /* AppStateTests.swift */; };
		6EFA5104288E97FC00CC89CC /* .swiftlint.yml in Resources */ = {isa = PBXBuildFile; fileRef = 6EFA5103288E97FC00CC89CC /* .swiftlint.yml */; };
		6EFA5105288E97FC00CC89CC /* .swiftlint.yml in Resources */ = {isa = PBXBuildFile; fileRef = 6EFA5103288E97FC00CC89CC /* .swiftlint.yml */; };
		6EFA5108288E9DC200CC89CC /* Entry-example.swift in Sources */ = {isa = PBXBuildFile; fileRef = 6EFA5107288E9DC200CC89CC /* Entry-example.swift */; };
		6EFA510A288EB1A900CC89CC /* Entry-WIP.swift in Sources */ = {isa = PBXBuildFile; fileRef = 6EFA5109288EB1A900CC89CC /* Entry-WIP.swift */; };
		6EFA510C288EB7EF00CC89CC /* .gitignore in Resources */ = {isa = PBXBuildFile; fileRef = 6EFA510B288EB7EF00CC89CC /* .gitignore */; };
		6EFA510E288EB82400CC89CC /* WeSplit-Logo.svg in Resources */ = {isa = PBXBuildFile; fileRef = 6EFA510D288EB82400CC89CC /* WeSplit-Logo.svg */; };
		6EFA5110288EB9CB00CC89CC /* WeSplitFormVM.swift in Sources */ = {isa = PBXBuildFile; fileRef = 6EFA510F288EB9CB00CC89CC /* WeSplitFormVM.swift */; };
		6EFA5114288ECA8200CC89CC /* WeSplitFormVMTests.swift in Sources */ = {isa = PBXBuildFile; fileRef = 6EFA5113288ECA8200CC89CC /* WeSplitFormVMTests.swift */; };
		8AF2E79C28634D5C007FCBD2 /* MyPackage in Frameworks */ = {isa = PBXBuildFile; productRef = 8AF2E79B28634D5C007FCBD2 /* MyPackage */; };
/* End PBXBuildFile section */

/* Begin PBXContainerItemProxy section */
		6EFA50F5288E91B900CC89CC /* PBXContainerItemProxy */ = {
			isa = PBXContainerItemProxy;
			containerPortal = 6E68779C27B9142000098C43 /* Project object */;
			proxyType = 1;
			remoteGlobalIDString = 6E6877A327B9142000098C43;
			remoteInfo = WeSplit;
		};
/* End PBXContainerItemProxy section */

/* Begin PBXFileReference section */
		6E23F52F27C66C2D00FF0DE8 /* Info.plist */ = {isa = PBXFileReference; lastKnownFileType = text.plist.xml; path = Info.plist; sourceTree = "<group>"; };
		6E6877A427B9142000098C43 /* WeSplit.app */ = {isa = PBXFileReference; explicitFileType = wrapper.application; includeInIndex = 0; path = WeSplit.app; sourceTree = BUILT_PRODUCTS_DIR; };
		6E6877A727B9142000098C43 /* WeSplitApp.swift */ = {isa = PBXFileReference; lastKnownFileType = sourcecode.swift; path = WeSplitApp.swift; sourceTree = "<group>"; };
		6E6877A927B9142000098C43 /* WeSplitForm.swift */ = {isa = PBXFileReference; lastKnownFileType = sourcecode.swift; path = WeSplitForm.swift; sourceTree = "<group>"; };
		6E6877AB27B9142100098C43 /* Assets.xcassets */ = {isa = PBXFileReference; lastKnownFileType = folder.assetcatalog; path = Assets.xcassets; sourceTree = "<group>"; };
		6E91855027BD267000984385 /* WeSplitForm-History.swift */ = {isa = PBXFileReference; lastKnownFileType = sourcecode.swift; path = "WeSplitForm-History.swift"; sourceTree = "<group>"; };
		6E91855427BD277D00984385 /* Entry.swift */ = {isa = PBXFileReference; lastKnownFileType = sourcecode.swift; path = Entry.swift; sourceTree = "<group>"; };
		6E91855627BD288100984385 /* AppState.swift */ = {isa = PBXFileReference; lastKnownFileType = sourcecode.swift; path = AppState.swift; sourceTree = "<group>"; };
		6EDDF42827B93F7400778CF3 /* WeSplitForm-Total.swift */ = {isa = PBXFileReference; lastKnownFileType = sourcecode.swift; path = "WeSplitForm-Total.swift"; sourceTree = "<group>"; };
		6EFA50F1288E91B900CC89CC /* WeSplitTests.xctest */ = {isa = PBXFileReference; explicitFileType = wrapper.cfbundle; includeInIndex = 0; path = WeSplitTests.xctest; sourceTree = BUILT_PRODUCTS_DIR; };
		6EFA50F3288E91B900CC89CC /* AppStateTests.swift */ = {isa = PBXFileReference; lastKnownFileType = sourcecode.swift; path = AppStateTests.swift; sourceTree = "<group>"; };
		6EFA5103288E97FC00CC89CC /* .swiftlint.yml */ = {isa = PBXFileReference; fileEncoding = 4; lastKnownFileType = text.yaml; path = .swiftlint.yml; sourceTree = SOURCE_ROOT; };
		6EFA5107288E9DC200CC89CC /* Entry-example.swift */ = {isa = PBXFileReference; lastKnownFileType = sourcecode.swift; path = "Entry-example.swift"; sourceTree = "<group>"; };
		6EFA5109288EB1A900CC89CC /* Entry-WIP.swift */ = {isa = PBXFileReference; lastKnownFileType = sourcecode.swift; path = "Entry-WIP.swift"; sourceTree = "<group>"; };
		6EFA510B288EB7EF00CC89CC /* .gitignore */ = {isa = PBXFileReference; fileEncoding = 4; lastKnownFileType = text; path = .gitignore; sourceTree = SOURCE_ROOT; };
		6EFA510D288EB82400CC89CC /* WeSplit-Logo.svg */ = {isa = PBXFileReference; fileEncoding = 4; lastKnownFileType = text.xml; path = "WeSplit-Logo.svg"; sourceTree = "<group>"; };
		6EFA510F288EB9CB00CC89CC /* WeSplitFormVM.swift */ = {isa = PBXFileReference; lastKnownFileType = sourcecode.swift; path = WeSplitFormVM.swift; sourceTree = "<group>"; };
		6EFA5113288ECA8200CC89CC /* WeSplitFormVMTests.swift */ = {isa = PBXFileReference; lastKnownFileType = sourcecode.swift; path = WeSplitFormVMTests.swift; sourceTree = "<group>"; };
		8AF2E79A28634D44007FCBD2 /* mypkg */ = {isa = PBXFileReference; lastKnownFileType = wrapper; name = mypkg; path = ../../../mypkg; sourceTree = "<group>"; };
/* End PBXFileReference section */

/* Begin PBXFrameworksBuildPhase section */
		6E6877A127B9142000098C43 /* Frameworks */ = {
			isa = PBXFrameworksBuildPhase;
			buildActionMask = 2147483647;
			files = (
				8AF2E79C28634D5C007FCBD2 /* MyPackage in Frameworks */,
			);
			runOnlyForDeploymentPostprocessing = 0;
		};
		6EFA50EE288E91B900CC89CC /* Frameworks */ = {
			isa = PBXFrameworksBuildPhase;
			buildActionMask = 2147483647;
			files = (
			);
			runOnlyForDeploymentPostprocessing = 0;
		};
/* End PBXFrameworksBuildPhase section */

/* Begin PBXGroup section */
		6E23F52B27C55C6200FF0DE8 /* blocks */ = {
			isa = PBXGroup;
			children = (
				6E91855027BD267000984385 /* WeSplitForm-History.swift */,
				6EDDF42827B93F7400778CF3 /* WeSplitForm-Total.swift */,
			);
			path = blocks;
			sourceTree = "<group>";
		};
		6E68779B27B9142000098C43 = {
			isa = PBXGroup;
			children = (
				6EAC723627B91691001B6BF9 /* Packages */,
				6E6877A627B9142000098C43 /* WeSplit */,
				6EFA50F2288E91B900CC89CC /* WeSplitTests */,
				6E6877A527B9142000098C43 /* Products */,
				6EAC723827B91697001B6BF9 /* Frameworks */,
			);
			sourceTree = "<group>";
		};
		6E6877A527B9142000098C43 /* Products */ = {
			isa = PBXGroup;
			children = (
				6E6877A427B9142000098C43 /* WeSplit.app */,
				6EFA50F1288E91B900CC89CC /* WeSplitTests.xctest */,
			);
			name = Products;
			sourceTree = "<group>";
		};
		6E6877A627B9142000098C43 /* WeSplit */ = {
			isa = PBXGroup;
			children = (
				6E6877A727B9142000098C43 /* WeSplitApp.swift */,
				6E91855627BD288100984385 /* AppState.swift */,
				6E91854C27BD15D900984385 /* form */,
				6E91854D27BD15DF00984385 /* resources */,
			);
			path = WeSplit;
			sourceTree = "<group>";
		};
		6E91854C27BD15D900984385 /* form */ = {
			isa = PBXGroup;
			children = (
				6E91855427BD277D00984385 /* Entry.swift */,
				6EFA5109288EB1A900CC89CC /* Entry-WIP.swift */,
				6E6877A927B9142000098C43 /* WeSplitForm.swift */,
				6EFA510F288EB9CB00CC89CC /* WeSplitFormVM.swift */,
				6E23F52B27C55C6200FF0DE8 /* blocks */,
			);
			path = form;
			sourceTree = "<group>";
		};
		6E91854D27BD15DF00984385 /* resources */ = {
			isa = PBXGroup;
			children = (
				6EFA5100288E96BA00CC89CC /* previews */,
				6EFA50FF288E96B700CC89CC /* locale */,
				6EFA50FE288E96B000CC89CC /* assets */,
				6EFA50FD288E96A500CC89CC /* config */,
			);
			path = resources;
			sourceTree = "<group>";
		};
		6EAC723627B91691001B6BF9 /* Packages */ = {
			isa = PBXGroup;
			children = (
				8AF2E79A28634D44007FCBD2 /* mypkg */,
			);
			name = Packages;
			sourceTree = "<group>";
		};
		6EAC723827B91697001B6BF9 /* Frameworks */ = {
			isa = PBXGroup;
			children = (
			);
			name = Frameworks;
			sourceTree = "<group>";
		};
		6EFA50F2288E91B900CC89CC /* WeSplitTests */ = {
			isa = PBXGroup;
			children = (
				6EFA50F3288E91B900CC89CC /* AppStateTests.swift */,
				6EFA5113288ECA8200CC89CC /* WeSplitFormVMTests.swift */,
			);
			path = WeSplitTests;
			sourceTree = "<group>";
		};
		6EFA50FD288E96A500CC89CC /* config */ = {
			isa = PBXGroup;
			children = (
				6E23F52F27C66C2D00FF0DE8 /* Info.plist */,
				6EFA5103288E97FC00CC89CC /* .swiftlint.yml */,
				6EFA510B288EB7EF00CC89CC /* .gitignore */,
			);
			path = config;
			sourceTree = "<group>";
		};
		6EFA50FE288E96B000CC89CC /* assets */ = {
			isa = PBXGroup;
			children = (
				6E6877AB27B9142100098C43 /* Assets.xcassets */,
				6EFA510D288EB82400CC89CC /* WeSplit-Logo.svg */,
			);
			path = assets;
			sourceTree = "<group>";
		};
		6EFA50FF288E96B700CC89CC /* locale */ = {
			isa = PBXGroup;
			children = (
			);
			path = locale;
			sourceTree = "<group>";
		};
		6EFA5100288E96BA00CC89CC /* previews */ = {
			isa = PBXGroup;
			children = (
				6EFA5107288E9DC200CC89CC /* Entry-example.swift */,
			);
			path = previews;
			sourceTree = "<group>";
		};
/* End PBXGroup section */

/* Begin PBXNativeTarget section */
		6E6877A327B9142000098C43 /* WeSplit */ = {
			isa = PBXNativeTarget;
			buildConfigurationList = 6E6877B227B9142100098C43 /* Build configuration list for PBXNativeTarget "WeSplit" */;
			buildPhases = (
				6E6877A027B9142000098C43 /* Sources */,
				6EFA50FA288E954200CC89CC /* ShellScript */,
				6E6877A127B9142000098C43 /* Frameworks */,
				6E6877A227B9142000098C43 /* Resources */,
			);
			buildRules = (
			);
			dependencies = (
			);
			name = WeSplit;
			packageProductDependencies = (
				8AF2E79B28634D5C007FCBD2 /* MyPackage */,
			);
			productName = WeSplit;
			productReference = 6E6877A427B9142000098C43 /* WeSplit.app */;
			productType = "com.apple.product-type.application";
		};
		6EFA50F0288E91B900CC89CC /* WeSplitTests */ = {
			isa = PBXNativeTarget;
			buildConfigurationList = 6EFA50F9288E91B900CC89CC /* Build configuration list for PBXNativeTarget "WeSplitTests" */;
			buildPhases = (
				6EFA50ED288E91B900CC89CC /* Sources */,
				6EFA50EE288E91B900CC89CC /* Frameworks */,
				6EFA50EF288E91B900CC89CC /* Resources */,
			);
			buildRules = (
			);
			dependencies = (
				6EFA50F6288E91B900CC89CC /* PBXTargetDependency */,
			);
			name = WeSplitTests;
			productName = WeSplitTests;
			productReference = 6EFA50F1288E91B900CC89CC /* WeSplitTests.xctest */;
			productType = "com.apple.product-type.bundle.unit-test";
		};
/* End PBXNativeTarget section */

/* Begin PBXProject section */
		6E68779C27B9142000098C43 /* Project object */ = {
			isa = PBXProject;
			attributes = {
				BuildIndependentTargetsInParallel = 1;
				LastSwiftUpdateCheck = 1340;
				LastUpgradeCheck = 1320;
				TargetAttributes = {
					6E6877A327B9142000098C43 = {
						CreatedOnToolsVersion = 13.2;
					};
					6EFA50F0288E91B900CC89CC = {
						CreatedOnToolsVersion = 13.4.1;
						TestTargetID = 6E6877A327B9142000098C43;
					};
				};
			};
			buildConfigurationList = 6E68779F27B9142000098C43 /* Build configuration list for PBXProject "WeSplit" */;
			compatibilityVersion = "Xcode 13.0";
			developmentRegion = en;
			hasScannedForEncodings = 0;
			knownRegions = (
				en,
				Base,
			);
			mainGroup = 6E68779B27B9142000098C43;
			productRefGroup = 6E6877A527B9142000098C43 /* Products */;
			projectDirPath = "";
			projectRoot = "";
			targets = (
				6E6877A327B9142000098C43 /* WeSplit */,
				6EFA50F0288E91B900CC89CC /* WeSplitTests */,
			);
		};
/* End PBXProject section */

/* Begin PBXResourcesBuildPhase section */
		6E6877A227B9142000098C43 /* Resources */ = {
			isa = PBXResourcesBuildPhase;
			buildActionMask = 2147483647;
			files = (
				6EFA510E288EB82400CC89CC /* WeSplit-Logo.svg in Resources */,
				6EFA5104288E97FC00CC89CC /* .swiftlint.yml in Resources */,
				6EFA510C288EB7EF00CC89CC /* .gitignore in Resources */,
				6E6877AC27B9142100098C43 /* Assets.xcassets in Resources */,
			);
			runOnlyForDeploymentPostprocessing = 0;
		};
		6EFA50EF288E91B900CC89CC /* Resources */ = {
			isa = PBXResourcesBuildPhase;
			buildActionMask = 2147483647;
			files = (
				6EFA5105288E97FC00CC89CC /* .swiftlint.yml in Resources */,
			);
			runOnlyForDeploymentPostprocessing = 0;
		};
/* End PBXResourcesBuildPhase section */

/* Begin PBXShellScriptBuildPhase section */
		6EFA50FA288E954200CC89CC /* ShellScript */ = {
			isa = PBXShellScriptBuildPhase;
			buildActionMask = 2147483647;
			files = (
			);
			inputFileListPaths = (
			);
			inputPaths = (
			);
			outputFileListPaths = (
			);
			outputPaths = (
			);
			runOnlyForDeploymentPostprocessing = 0;
			shellPath = /bin/sh;
			shellScript = "export PATH=\"$PATH:/opt/homebrew/bin\"\n\nif which swiftlint >/dev/null; then\n  swiftlint\nelse\n  echo \"Warning: SwiftLint not installed (download from https://github.com/realm/SwiftLint)\"\nfi\n";
		};
/* End PBXShellScriptBuildPhase section */

/* Begin PBXSourcesBuildPhase section */
		6E6877A027B9142000098C43 /* Sources */ = {
			isa = PBXSourcesBuildPhase;
			buildActionMask = 2147483647;
			files = (
				6E91855527BD277D00984385 /* Entry.swift in Sources */,
				6EFA510A288EB1A900CC89CC /* Entry-WIP.swift in Sources */,
				6EDDF42927B93F7400778CF3 /* WeSplitForm-Total.swift in Sources */,
				6E91855727BD288100984385 /* AppState.swift in Sources */,
				6E6877AA27B9142000098C43 /* WeSplitForm.swift in Sources */,
				6EFA5110288EB9CB00CC89CC /* WeSplitFormVM.swift in Sources */,
				6EFA5108288E9DC200CC89CC /* Entry-example.swift in Sources */,
				6E6877A827B9142000098C43 /* WeSplitApp.swift in Sources */,
				6E91855127BD267000984385 /* WeSplitForm-History.swift in Sources */,
			);
			runOnlyForDeploymentPostprocessing = 0;
		};
		6EFA50ED288E91B900CC89CC /* Sources */ = {
			isa = PBXSourcesBuildPhase;
			buildActionMask = 2147483647;
			files = (
				6EFA50F4288E91B900CC89CC /* AppStateTests.swift in Sources */,
				6EFA5114288ECA8200CC89CC /* WeSplitFormVMTests.swift in Sources */,
			);
			runOnlyForDeploymentPostprocessing = 0;
		};
/* End PBXSourcesBuildPhase section */

/* Begin PBXTargetDependency section */
		6EFA50F6288E91B900CC89CC /* PBXTargetDependency */ = {
			isa = PBXTargetDependency;
			target = 6E6877A327B9142000098C43 /* WeSplit */;
			targetProxy = 6EFA50F5288E91B900CC89CC /* PBXContainerItemProxy */;
		};
/* End PBXTargetDependency section */

/* Begin XCBuildConfiguration section */
		6E6877B027B9142100098C43 /* Debug */ = {
			isa = XCBuildConfiguration;
			buildSettings = {
				ALWAYS_SEARCH_USER_PATHS = NO;
				CLANG_ANALYZER_NONNULL = YES;
				CLANG_ANALYZER_NUMBER_OBJECT_CONVERSION = YES_AGGRESSIVE;
				CLANG_CXX_LANGUAGE_STANDARD = "gnu++17";
				CLANG_CXX_LIBRARY = "libc++";
				CLANG_ENABLE_MODULES = YES;
				CLANG_ENABLE_OBJC_ARC = YES;
				CLANG_ENABLE_OBJC_WEAK = YES;
				CLANG_WARN_BLOCK_CAPTURE_AUTORELEASING = YES;
				CLANG_WARN_BOOL_CONVERSION = YES;
				CLANG_WARN_COMMA = YES;
				CLANG_WARN_CONSTANT_CONVERSION = YES;
				CLANG_WARN_DEPRECATED_OBJC_IMPLEMENTATIONS = YES;
				CLANG_WARN_DIRECT_OBJC_ISA_USAGE = YES_ERROR;
				CLANG_WARN_DOCUMENTATION_COMMENTS = YES;
				CLANG_WARN_EMPTY_BODY = YES;
				CLANG_WARN_ENUM_CONVERSION = YES;
				CLANG_WARN_INFINITE_RECURSION = YES;
				CLANG_WARN_INT_CONVERSION = YES;
				CLANG_WARN_NON_LITERAL_NULL_CONVERSION = YES;
				CLANG_WARN_OBJC_IMPLICIT_RETAIN_SELF = YES;
				CLANG_WARN_OBJC_LITERAL_CONVERSION = YES;
				CLANG_WARN_OBJC_ROOT_CLASS = YES_ERROR;
				CLANG_WARN_QUOTED_INCLUDE_IN_FRAMEWORK_HEADER = YES;
				CLANG_WARN_RANGE_LOOP_ANALYSIS = YES;
				CLANG_WARN_STRICT_PROTOTYPES = YES;
				CLANG_WARN_SUSPICIOUS_MOVE = YES;
				CLANG_WARN_UNGUARDED_AVAILABILITY = YES_AGGRESSIVE;
				CLANG_WARN_UNREACHABLE_CODE = YES;
				CLANG_WARN__DUPLICATE_METHOD_MATCH = YES;
				COPY_PHASE_STRIP = NO;
				DEBUG_INFORMATION_FORMAT = dwarf;
				ENABLE_STRICT_OBJC_MSGSEND = YES;
				ENABLE_TESTABILITY = YES;
				GCC_C_LANGUAGE_STANDARD = gnu11;
				GCC_DYNAMIC_NO_PIC = NO;
				GCC_NO_COMMON_BLOCKS = YES;
				GCC_OPTIMIZATION_LEVEL = 0;
				GCC_PREPROCESSOR_DEFINITIONS = (
					"DEBUG=1",
					"$(inherited)",
				);
				GCC_WARN_64_TO_32_BIT_CONVERSION = YES;
				GCC_WARN_ABOUT_RETURN_TYPE = YES_ERROR;
				GCC_WARN_UNDECLARED_SELECTOR = YES;
				GCC_WARN_UNINITIALIZED_AUTOS = YES_AGGRESSIVE;
				GCC_WARN_UNUSED_FUNCTION = YES;
				GCC_WARN_UNUSED_VARIABLE = YES;
				IPHONEOS_DEPLOYMENT_TARGET = 15.2;
				MTL_ENABLE_DEBUG_INFO = INCLUDE_SOURCE;
				MTL_FAST_MATH = YES;
				ONLY_ACTIVE_ARCH = YES;
				SDKROOT = iphoneos;
				SWIFT_ACTIVE_COMPILATION_CONDITIONS = DEBUG;
				SWIFT_OPTIMIZATION_LEVEL = "-Onone";
			};
			name = Debug;
		};
		6E6877B127B9142100098C43 /* Release */ = {
			isa = XCBuildConfiguration;
			buildSettings = {
				ALWAYS_SEARCH_USER_PATHS = NO;
				CLANG_ANALYZER_NONNULL = YES;
				CLANG_ANALYZER_NUMBER_OBJECT_CONVERSION = YES_AGGRESSIVE;
				CLANG_CXX_LANGUAGE_STANDARD = "gnu++17";
				CLANG_CXX_LIBRARY = "libc++";
				CLANG_ENABLE_MODULES = YES;
				CLANG_ENABLE_OBJC_ARC = YES;
				CLANG_ENABLE_OBJC_WEAK = YES;
				CLANG_WARN_BLOCK_CAPTURE_AUTORELEASING = YES;
				CLANG_WARN_BOOL_CONVERSION = YES;
				CLANG_WARN_COMMA = YES;
				CLANG_WARN_CONSTANT_CONVERSION = YES;
				CLANG_WARN_DEPRECATED_OBJC_IMPLEMENTATIONS = YES;
				CLANG_WARN_DIRECT_OBJC_ISA_USAGE = YES_ERROR;
				CLANG_WARN_DOCUMENTATION_COMMENTS = YES;
				CLANG_WARN_EMPTY_BODY = YES;
				CLANG_WARN_ENUM_CONVERSION = YES;
				CLANG_WARN_INFINITE_RECURSION = YES;
				CLANG_WARN_INT_CONVERSION = YES;
				CLANG_WARN_NON_LITERAL_NULL_CONVERSION = YES;
				CLANG_WARN_OBJC_IMPLICIT_RETAIN_SELF = YES;
				CLANG_WARN_OBJC_LITERAL_CONVERSION = YES;
				CLANG_WARN_OBJC_ROOT_CLASS = YES_ERROR;
				CLANG_WARN_QUOTED_INCLUDE_IN_FRAMEWORK_HEADER = YES;
				CLANG_WARN_RANGE_LOOP_ANALYSIS = YES;
				CLANG_WARN_STRICT_PROTOTYPES = YES;
				CLANG_WARN_SUSPICIOUS_MOVE = YES;
				CLANG_WARN_UNGUARDED_AVAILABILITY = YES_AGGRESSIVE;
				CLANG_WARN_UNREACHABLE_CODE = YES;
				CLANG_WARN__DUPLICATE_METHOD_MATCH = YES;
				COPY_PHASE_STRIP = NO;
				DEBUG_INFORMATION_FORMAT = "dwarf-with-dsym";
				ENABLE_NS_ASSERTIONS = NO;
				ENABLE_STRICT_OBJC_MSGSEND = YES;
				GCC_C_LANGUAGE_STANDARD = gnu11;
				GCC_NO_COMMON_BLOCKS = YES;
				GCC_WARN_64_TO_32_BIT_CONVERSION = YES;
				GCC_WARN_ABOUT_RETURN_TYPE = YES_ERROR;
				GCC_WARN_UNDECLARED_SELECTOR = YES;
				GCC_WARN_UNINITIALIZED_AUTOS = YES_AGGRESSIVE;
				GCC_WARN_UNUSED_FUNCTION = YES;
				GCC_WARN_UNUSED_VARIABLE = YES;
				IPHONEOS_DEPLOYMENT_TARGET = 15.2;
				MTL_ENABLE_DEBUG_INFO = NO;
				MTL_FAST_MATH = YES;
				SDKROOT = iphoneos;
				SWIFT_COMPILATION_MODE = wholemodule;
				SWIFT_OPTIMIZATION_LEVEL = "-O";
				VALIDATE_PRODUCT = YES;
			};
			name = Release;
		};
		6E6877B327B9142100098C43 /* Debug */ = {
			isa = XCBuildConfiguration;
			buildSettings = {
				ASSETCATALOG_COMPILER_APPICON_NAME = AppIcon;
				ASSETCATALOG_COMPILER_GLOBAL_ACCENT_COLOR_NAME = AccentColor;
				CODE_SIGN_STYLE = Automatic;
				CURRENT_PROJECT_VERSION = 1;
				DEVELOPMENT_ASSET_PATHS = WeSplit/resources/previews;
				DEVELOPMENT_TEAM = 4UUEFBYP76;
				ENABLE_PREVIEWS = YES;
				ENABLE_TESTING_SEARCH_PATHS = YES;
				GENERATE_INFOPLIST_FILE = YES;
				INFOPLIST_FILE = WeSplit/resources/config/Info.plist;
				INFOPLIST_KEY_UIApplicationSceneManifest_Generation = YES;
				INFOPLIST_KEY_UIApplicationSupportsIndirectInputEvents = YES;
				INFOPLIST_KEY_UISupportedInterfaceOrientations_iPad = "UIInterfaceOrientationPortrait UIInterfaceOrientationPortraitUpsideDown UIInterfaceOrientationLandscapeLeft UIInterfaceOrientationLandscapeRight";
				INFOPLIST_KEY_UISupportedInterfaceOrientations_iPhone = "UIInterfaceOrientationPortrait UIInterfaceOrientationLandscapeLeft UIInterfaceOrientationLandscapeRight";
				LD_RUNPATH_SEARCH_PATHS = (
					"$(inherited)",
					"@executable_path/Frameworks",
				);
				MARKETING_VERSION = 1.0;
				PRODUCT_BUNDLE_IDENTIFIER = LeoLem.WeSplit;
				PRODUCT_NAME = "$(TARGET_NAME)";
				SWIFT_EMIT_LOC_STRINGS = YES;
				SWIFT_VERSION = 5.0;
				TARGETED_DEVICE_FAMILY = "1,2";
			};
			name = Debug;
		};
		6E6877B427B9142100098C43 /* Release */ = {
			isa = XCBuildConfiguration;
			buildSettings = {
				ASSETCATALOG_COMPILER_APPICON_NAME = AppIcon;
				ASSETCATALOG_COMPILER_GLOBAL_ACCENT_COLOR_NAME = AccentColor;
				CODE_SIGN_STYLE = Automatic;
				CURRENT_PROJECT_VERSION = 1;
				DEVELOPMENT_ASSET_PATHS = WeSplit/resources/previews;
				DEVELOPMENT_TEAM = 4UUEFBYP76;
				ENABLE_PREVIEWS = YES;
				ENABLE_TESTING_SEARCH_PATHS = YES;
				GENERATE_INFOPLIST_FILE = YES;
				INFOPLIST_FILE = WeSplit/resources/config/Info.plist;
				INFOPLIST_KEY_UIApplicationSceneManifest_Generation = YES;
				INFOPLIST_KEY_UIApplicationSupportsIndirectInputEvents = YES;
				INFOPLIST_KEY_UISupportedInterfaceOrientations_iPad = "UIInterfaceOrientationPortrait UIInterfaceOrientationPortraitUpsideDown UIInterfaceOrientationLandscapeLeft UIInterfaceOrientationLandscapeRight";
				INFOPLIST_KEY_UISupportedInterfaceOrientations_iPhone = "UIInterfaceOrientationPortrait UIInterfaceOrientationLandscapeLeft UIInterfaceOrientationLandscapeRight";
				LD_RUNPATH_SEARCH_PATHS = (
					"$(inherited)",
					"@executable_path/Frameworks",
				);
				MARKETING_VERSION = 1.0;
				PRODUCT_BUNDLE_IDENTIFIER = LeoLem.WeSplit;
				PRODUCT_NAME = "$(TARGET_NAME)";
				SWIFT_EMIT_LOC_STRINGS = YES;
				SWIFT_VERSION = 5.0;
				TARGETED_DEVICE_FAMILY = "1,2";
			};
			name = Release;
		};
		6EFA50F7288E91B900CC89CC /* Debug */ = {
			isa = XCBuildConfiguration;
			buildSettings = {
				BUNDLE_LOADER = "$(TEST_HOST)";
				CODE_SIGN_STYLE = Automatic;
				CURRENT_PROJECT_VERSION = 1;
				DEVELOPMENT_TEAM = 4UUEFBYP76;
				GENERATE_INFOPLIST_FILE = YES;
				IPHONEOS_DEPLOYMENT_TARGET = 15.5;
				MARKETING_VERSION = 1.0;
				PRODUCT_BUNDLE_IDENTIFIER = LeoLem.WeSplitTests;
				PRODUCT_NAME = "$(TARGET_NAME)";
				SWIFT_EMIT_LOC_STRINGS = NO;
				SWIFT_VERSION = 5.0;
				TARGETED_DEVICE_FAMILY = "1,2";
				TEST_HOST = "$(BUILT_PRODUCTS_DIR)/WeSplit.app/WeSplit";
			};
			name = Debug;
		};
		6EFA50F8288E91B900CC89CC /* Release */ = {
			isa = XCBuildConfiguration;
			buildSettings = {
				BUNDLE_LOADER = "$(TEST_HOST)";
				CODE_SIGN_STYLE = Automatic;
				CURRENT_PROJECT_VERSION = 1;
				DEVELOPMENT_TEAM = 4UUEFBYP76;
				GENERATE_INFOPLIST_FILE = YES;
				IPHONEOS_DEPLOYMENT_TARGET = 15.5;
				MARKETING_VERSION = 1.0;
				PRODUCT_BUNDLE_IDENTIFIER = LeoLem.WeSplitTests;
				PRODUCT_NAME = "$(TARGET_NAME)";
				SWIFT_EMIT_LOC_STRINGS = NO;
				SWIFT_VERSION = 5.0;
				TARGETED_DEVICE_FAMILY = "1,2";
				TEST_HOST = "$(BUILT_PRODUCTS_DIR)/WeSplit.app/WeSplit";
			};
			name = Release;
		};
/* End XCBuildConfiguration section */

/* Begin XCConfigurationList section */
		6E68779F27B9142000098C43 /* Build configuration list for PBXProject "WeSplit" */ = {
			isa = XCConfigurationList;
			buildConfigurations = (
				6E6877B027B9142100098C43 /* Debug */,
				6E6877B127B9142100098C43 /* Release */,
			);
			defaultConfigurationIsVisible = 0;
			defaultConfigurationName = Release;
		};
		6E6877B227B9142100098C43 /* Build configuration list for PBXNativeTarget "WeSplit" */ = {
			isa = XCConfigurationList;
			buildConfigurations = (
				6E6877B327B9142100098C43 /* Debug */,
				6E6877B427B9142100098C43 /* Release */,
			);
			defaultConfigurationIsVisible = 0;
			defaultConfigurationName = Release;
		};
		6EFA50F9288E91B900CC89CC /* Build configuration list for PBXNativeTarget "WeSplitTests" */ = {
			isa = XCConfigurationList;
			buildConfigurations = (
				6EFA50F7288E91B900CC89CC /* Debug */,
				6EFA50F8288E91B900CC89CC /* Release */,
			);
			defaultConfigurationIsVisible = 0;
			defaultConfigurationName = Release;
		};
/* End XCConfigurationList section */

/* Begin XCSwiftPackageProductDependency section */
		8AF2E79B28634D5C007FCBD2 /* MyPackage */ = {
			isa = XCSwiftPackageProductDependency;
			productName = MyPackage;
		};
/* End XCSwiftPackageProductDependency section */
	};
	rootObject = 6E68779C27B9142000098C43 /* Project object */;
}
