// !$*UTF8*$!
{
	archiveVersion = 1;
	classes = {
	};
	objectVersion = 55;
	objects = {

/* Begin PBXBuildFile section */
		6E1A498F27B9A5DF00A85AD8 /* MyPackage in Frameworks */ = {isa = PBXBuildFile; productRef = 6E1A498E27B9A5DF00A85AD8 /* MyPackage */; };
		6E1A49B327BA7BBE00A85AD8 /* FlagImage.swift in Sources */ = {isa = PBXBuildFile; fileRef = 6E1A49B227BA7BBE00A85AD8 /* FlagImage.swift */; };
		6E1A49FF27BAA8C500A85AD8 /* AppState.swift in Sources */ = {isa = PBXBuildFile; fileRef = 6E1A49FE27BAA8C500A85AD8 /* AppState.swift */; };
		6E1A4A0127BAB2C900A85AD8 /* Game.swift in Sources */ = {isa = PBXBuildFile; fileRef = 6E1A4A0027BAB2C900A85AD8 /* Game.swift */; };
		6E1A4A0327BAB2DE00A85AD8 /* Game-Round.swift in Sources */ = {isa = PBXBuildFile; fileRef = 6E1A4A0227BAB2DE00A85AD8 /* Game-Round.swift */; };
		6E1A4A0527BAB35F00A85AD8 /* FlagsView-Round.swift in Sources */ = {isa = PBXBuildFile; fileRef = 6E1A4A0427BAB35F00A85AD8 /* FlagsView-Round.swift */; };
		6E1A4A0727BAC86300A85AD8 /* FlagsView-History.swift in Sources */ = {isa = PBXBuildFile; fileRef = 6E1A4A0627BAC86300A85AD8 /* FlagsView-History.swift */; };
		6E1A4A0927BACC4F00A85AD8 /* FlagsView-Settings.swift in Sources */ = {isa = PBXBuildFile; fileRef = 6E1A4A0827BACC4F00A85AD8 /* FlagsView-Settings.swift */; };
		6E1A4A0B27BBA52C00A85AD8 /* Settings.swift in Sources */ = {isa = PBXBuildFile; fileRef = 6E1A4A0A27BBA52C00A85AD8 /* Settings.swift */; };
		6E1A4A0E27BBCEFA00A85AD8 /* previews.swift in Sources */ = {isa = PBXBuildFile; fileRef = 6E1A4A0D27BBCEFA00A85AD8 /* previews.swift */; };
		6E1A4A1027BBD1BC00A85AD8 /* localization.swift in Sources */ = {isa = PBXBuildFile; fileRef = 6E1A4A0F27BBD1BC00A85AD8 /* localization.swift */; };
		6E1A4A1727BBD92900A85AD8 /* Localizable.strings in Resources */ = {isa = PBXBuildFile; fileRef = 6E1A4A1927BBD92900A85AD8 /* Localizable.strings */; };
		6E8E7D6D27BC2C91007B088D /* Localizable.stringsdict in Resources */ = {isa = PBXBuildFile; fileRef = 6E8E7D6F27BC2C91007B088D /* Localizable.stringsdict */; };
		6EDDF43727B990D300778CF3 /* FlagsApp.swift in Sources */ = {isa = PBXBuildFile; fileRef = 6EDDF43627B990D300778CF3 /* FlagsApp.swift */; };
		6EDDF43B27B990D400778CF3 /* Assets.xcassets in Resources */ = {isa = PBXBuildFile; fileRef = 6EDDF43A27B990D400778CF3 /* Assets.xcassets */; };
		6EDDF44527B99B9100778CF3 /* accessibility.swift in Sources */ = {isa = PBXBuildFile; fileRef = 6EDDF44427B99B9100778CF3 /* accessibility.swift */; };
		6EDDF44727B99BB400778CF3 /* Country.swift in Sources */ = {isa = PBXBuildFile; fileRef = 6EDDF44627B99BB400778CF3 /* Country.swift */; };
		6EDDF44B27B99C2600778CF3 /* FlagsView.swift in Sources */ = {isa = PBXBuildFile; fileRef = 6EDDF43827B990D300778CF3 /* FlagsView.swift */; };
/* End PBXBuildFile section */

/* Begin PBXFileReference section */
		6E1A498C27B9A0D800A85AD8 /* MyPackage */ = {isa = PBXFileReference; lastKnownFileType = wrapper; name = MyPackage; path = ../../../MyPackage; sourceTree = "<group>"; };
		6E1A49B227BA7BBE00A85AD8 /* FlagImage.swift */ = {isa = PBXFileReference; lastKnownFileType = sourcecode.swift; path = FlagImage.swift; sourceTree = "<group>"; };
		6E1A49FE27BAA8C500A85AD8 /* AppState.swift */ = {isa = PBXFileReference; lastKnownFileType = sourcecode.swift; path = AppState.swift; sourceTree = "<group>"; };
		6E1A4A0027BAB2C900A85AD8 /* Game.swift */ = {isa = PBXFileReference; lastKnownFileType = sourcecode.swift; path = Game.swift; sourceTree = "<group>"; };
		6E1A4A0227BAB2DE00A85AD8 /* Game-Round.swift */ = {isa = PBXFileReference; lastKnownFileType = sourcecode.swift; path = "Game-Round.swift"; sourceTree = "<group>"; };
		6E1A4A0427BAB35F00A85AD8 /* FlagsView-Round.swift */ = {isa = PBXFileReference; lastKnownFileType = sourcecode.swift; path = "FlagsView-Round.swift"; sourceTree = "<group>"; };
		6E1A4A0627BAC86300A85AD8 /* FlagsView-History.swift */ = {isa = PBXFileReference; lastKnownFileType = sourcecode.swift; path = "FlagsView-History.swift"; sourceTree = "<group>"; };
		6E1A4A0827BACC4F00A85AD8 /* FlagsView-Settings.swift */ = {isa = PBXFileReference; lastKnownFileType = sourcecode.swift; path = "FlagsView-Settings.swift"; sourceTree = "<group>"; };
		6E1A4A0A27BBA52C00A85AD8 /* Settings.swift */ = {isa = PBXFileReference; lastKnownFileType = sourcecode.swift; path = Settings.swift; sourceTree = "<group>"; };
		6E1A4A0D27BBCEFA00A85AD8 /* previews.swift */ = {isa = PBXFileReference; lastKnownFileType = sourcecode.swift; path = previews.swift; sourceTree = "<group>"; };
		6E1A4A0F27BBD1BC00A85AD8 /* localization.swift */ = {isa = PBXFileReference; lastKnownFileType = sourcecode.swift; path = localization.swift; sourceTree = "<group>"; };
		6E1A4A1827BBD92900A85AD8 /* en */ = {isa = PBXFileReference; lastKnownFileType = text.plist.strings; name = en; path = en.lproj/Localizable.strings; sourceTree = "<group>"; };
		6E1A4A1B27BC1F5500A85AD8 /* de */ = {isa = PBXFileReference; lastKnownFileType = text.plist.strings; name = de; path = de.lproj/Localizable.strings; sourceTree = "<group>"; };
		6E8E7D6E27BC2C91007B088D /* en */ = {isa = PBXFileReference; lastKnownFileType = text.plist.stringsdict; name = en; path = en.lproj/Localizable.stringsdict; sourceTree = "<group>"; };
		6E8E7D7027BC2C94007B088D /* de */ = {isa = PBXFileReference; lastKnownFileType = text.plist.stringsdict; name = de; path = de.lproj/Localizable.stringsdict; sourceTree = "<group>"; };
		6EDDF43327B990D300778CF3 /* Flags.app */ = {isa = PBXFileReference; explicitFileType = wrapper.application; includeInIndex = 0; path = Flags.app; sourceTree = BUILT_PRODUCTS_DIR; };
		6EDDF43627B990D300778CF3 /* FlagsApp.swift */ = {isa = PBXFileReference; lastKnownFileType = sourcecode.swift; path = FlagsApp.swift; sourceTree = "<group>"; };
		6EDDF43827B990D300778CF3 /* FlagsView.swift */ = {isa = PBXFileReference; lastKnownFileType = sourcecode.swift; path = FlagsView.swift; sourceTree = "<group>"; };
		6EDDF43A27B990D400778CF3 /* Assets.xcassets */ = {isa = PBXFileReference; lastKnownFileType = folder.assetcatalog; path = Assets.xcassets; sourceTree = "<group>"; };
		6EDDF44427B99B9100778CF3 /* accessibility.swift */ = {isa = PBXFileReference; lastKnownFileType = sourcecode.swift; path = accessibility.swift; sourceTree = "<group>"; };
		6EDDF44627B99BB400778CF3 /* Country.swift */ = {isa = PBXFileReference; lastKnownFileType = sourcecode.swift; path = Country.swift; sourceTree = "<group>"; };
/* End PBXFileReference section */

/* Begin PBXFrameworksBuildPhase section */
		6EDDF43027B990D300778CF3 /* Frameworks */ = {
			isa = PBXFrameworksBuildPhase;
			buildActionMask = 2147483647;
			files = (
				6E1A498F27B9A5DF00A85AD8 /* MyPackage in Frameworks */,
			);
			runOnlyForDeploymentPostprocessing = 0;
		};
/* End PBXFrameworksBuildPhase section */

/* Begin PBXGroup section */
		6E1A498B27B9A0D800A85AD8 /* Packages */ = {
			isa = PBXGroup;
			children = (
				6E1A498C27B9A0D800A85AD8 /* MyPackage */,
			);
			name = Packages;
			sourceTree = "<group>";
		};
		6E1A498D27B9A5DF00A85AD8 /* Frameworks */ = {
			isa = PBXGroup;
			children = (
			);
			name = Frameworks;
			sourceTree = "<group>";
		};
		6E1A49FD27BAA8B900A85AD8 /* controller */ = {
			isa = PBXGroup;
			children = (
				6E1A49FE27BAA8C500A85AD8 /* AppState.swift */,
			);
			path = controller;
			sourceTree = "<group>";
		};
		6E1A4A0C27BBCE4E00A85AD8 /* blocks */ = {
			isa = PBXGroup;
			children = (
				6E1A49B227BA7BBE00A85AD8 /* FlagImage.swift */,
			);
			path = blocks;
			sourceTree = "<group>";
		};
		6E1A4A1427BBD8F500A85AD8 /* localization */ = {
			isa = PBXGroup;
			children = (
				6E1A4A0F27BBD1BC00A85AD8 /* localization.swift */,
				6E1A4A1927BBD92900A85AD8 /* Localizable.strings */,
				6E8E7D6F27BC2C91007B088D /* Localizable.stringsdict */,
			);
			path = localization;
			sourceTree = "<group>";
		};
		6EDDF42A27B990D300778CF3 = {
			isa = PBXGroup;
			children = (
				6E1A498B27B9A0D800A85AD8 /* Packages */,
				6EDDF43527B990D300778CF3 /* Flags */,
				6EDDF43427B990D300778CF3 /* Products */,
				6E1A498D27B9A5DF00A85AD8 /* Frameworks */,
			);
			sourceTree = "<group>";
		};
		6EDDF43427B990D300778CF3 /* Products */ = {
			isa = PBXGroup;
			children = (
				6EDDF43327B990D300778CF3 /* Flags.app */,
			);
			name = Products;
			sourceTree = "<group>";
		};
		6EDDF43527B990D300778CF3 /* Flags */ = {
			isa = PBXGroup;
			children = (
				6EDDF43627B990D300778CF3 /* FlagsApp.swift */,
				6EDDF44827B99BB500778CF3 /* model */,
				6E1A49FD27BAA8B900A85AD8 /* controller */,
				6EDDF44A27B99C0500778CF3 /* view */,
				6EDDF44927B99BC700778CF3 /* resources */,
			);
			path = Flags;
			sourceTree = "<group>";
		};
		6EDDF44827B99BB500778CF3 /* model */ = {
			isa = PBXGroup;
			children = (
				6E1A4A0027BAB2C900A85AD8 /* Game.swift */,
				6E1A4A0227BAB2DE00A85AD8 /* Game-Round.swift */,
				6E1A4A0A27BBA52C00A85AD8 /* Settings.swift */,
				6EDDF44627B99BB400778CF3 /* Country.swift */,
			);
			path = model;
			sourceTree = "<group>";
		};
		6EDDF44927B99BC700778CF3 /* resources */ = {
			isa = PBXGroup;
			children = (
				6EDDF43A27B990D400778CF3 /* Assets.xcassets */,
				6EDDF44427B99B9100778CF3 /* accessibility.swift */,
				6E1A4A0D27BBCEFA00A85AD8 /* previews.swift */,
				6E1A4A1427BBD8F500A85AD8 /* localization */,
			);
			path = resources;
			sourceTree = "<group>";
		};
		6EDDF44A27B99C0500778CF3 /* view */ = {
			isa = PBXGroup;
			children = (
				6EDDF43827B990D300778CF3 /* FlagsView.swift */,
				6E1A4A0427BAB35F00A85AD8 /* FlagsView-Round.swift */,
				6E1A4A0627BAC86300A85AD8 /* FlagsView-History.swift */,
				6E1A4A0827BACC4F00A85AD8 /* FlagsView-Settings.swift */,
				6E1A4A0C27BBCE4E00A85AD8 /* blocks */,
			);
			path = view;
			sourceTree = "<group>";
		};
/* End PBXGroup section */

/* Begin PBXNativeTarget section */
		6EDDF43227B990D300778CF3 /* Flags */ = {
			isa = PBXNativeTarget;
			buildConfigurationList = 6EDDF44127B990D400778CF3 /* Build configuration list for PBXNativeTarget "Flags" */;
			buildPhases = (
				6EDDF42F27B990D300778CF3 /* Sources */,
				6EDDF43027B990D300778CF3 /* Frameworks */,
				6EDDF43127B990D300778CF3 /* Resources */,
			);
			buildRules = (
			);
			dependencies = (
			);
			name = Flags;
			packageProductDependencies = (
				6E1A498E27B9A5DF00A85AD8 /* MyPackage */,
			);
			productName = GuessTheFlag;
			productReference = 6EDDF43327B990D300778CF3 /* Flags.app */;
			productType = "com.apple.product-type.application";
		};
/* End PBXNativeTarget section */

/* Begin PBXProject section */
		6EDDF42B27B990D300778CF3 /* Project object */ = {
			isa = PBXProject;
			attributes = {
				BuildIndependentTargetsInParallel = 1;
				LastSwiftUpdateCheck = 1320;
				LastUpgradeCheck = 1320;
				TargetAttributes = {
					6EDDF43227B990D300778CF3 = {
						CreatedOnToolsVersion = 13.2;
					};
				};
			};
			buildConfigurationList = 6EDDF42E27B990D300778CF3 /* Build configuration list for PBXProject "Flags" */;
			compatibilityVersion = "Xcode 13.0";
			developmentRegion = en;
			hasScannedForEncodings = 0;
			knownRegions = (
				en,
				Base,
				de,
			);
			mainGroup = 6EDDF42A27B990D300778CF3;
			productRefGroup = 6EDDF43427B990D300778CF3 /* Products */;
			projectDirPath = "";
			projectRoot = "";
			targets = (
				6EDDF43227B990D300778CF3 /* Flags */,
			);
		};
/* End PBXProject section */

/* Begin PBXResourcesBuildPhase section */
		6EDDF43127B990D300778CF3 /* Resources */ = {
			isa = PBXResourcesBuildPhase;
			buildActionMask = 2147483647;
			files = (
				6EDDF43B27B990D400778CF3 /* Assets.xcassets in Resources */,
				6E1A4A1727BBD92900A85AD8 /* Localizable.strings in Resources */,
				6E8E7D6D27BC2C91007B088D /* Localizable.stringsdict in Resources */,
			);
			runOnlyForDeploymentPostprocessing = 0;
		};
/* End PBXResourcesBuildPhase section */

/* Begin PBXSourcesBuildPhase section */
		6EDDF42F27B990D300778CF3 /* Sources */ = {
			isa = PBXSourcesBuildPhase;
			buildActionMask = 2147483647;
			files = (
				6EDDF44727B99BB400778CF3 /* Country.swift in Sources */,
				6E1A49FF27BAA8C500A85AD8 /* AppState.swift in Sources */,
				6E1A4A0127BAB2C900A85AD8 /* Game.swift in Sources */,
				6E1A49B327BA7BBE00A85AD8 /* FlagImage.swift in Sources */,
				6E1A4A1027BBD1BC00A85AD8 /* localization.swift in Sources */,
				6EDDF44527B99B9100778CF3 /* accessibility.swift in Sources */,
				6EDDF44B27B99C2600778CF3 /* FlagsView.swift in Sources */,
				6E1A4A0E27BBCEFA00A85AD8 /* previews.swift in Sources */,
				6E1A4A0B27BBA52C00A85AD8 /* Settings.swift in Sources */,
				6E1A4A0327BAB2DE00A85AD8 /* Game-Round.swift in Sources */,
				6E1A4A0727BAC86300A85AD8 /* FlagsView-History.swift in Sources */,
				6E1A4A0527BAB35F00A85AD8 /* FlagsView-Round.swift in Sources */,
				6EDDF43727B990D300778CF3 /* FlagsApp.swift in Sources */,
				6E1A4A0927BACC4F00A85AD8 /* FlagsView-Settings.swift in Sources */,
			);
			runOnlyForDeploymentPostprocessing = 0;
		};
/* End PBXSourcesBuildPhase section */

/* Begin PBXVariantGroup section */
		6E1A4A1927BBD92900A85AD8 /* Localizable.strings */ = {
			isa = PBXVariantGroup;
			children = (
				6E1A4A1827BBD92900A85AD8 /* en */,
				6E1A4A1B27BC1F5500A85AD8 /* de */,
			);
			name = Localizable.strings;
			sourceTree = "<group>";
		};
		6E8E7D6F27BC2C91007B088D /* Localizable.stringsdict */ = {
			isa = PBXVariantGroup;
			children = (
				6E8E7D6E27BC2C91007B088D /* en */,
				6E8E7D7027BC2C94007B088D /* de */,
			);
			name = Localizable.stringsdict;
			sourceTree = "<group>";
		};
/* End PBXVariantGroup section */

/* Begin XCBuildConfiguration section */
		6EDDF43F27B990D400778CF3 /* Debug */ = {
			isa = XCBuildConfiguration;
			buildSettings = {
				ALWAYS_SEARCH_USER_PATHS = NO;
				CLANG_ANALYZER_LOCALIZABILITY_NONLOCALIZED = YES;
				CLANG_ANALYZER_NONNULL = YES;
				CLANG_ANALYZER_NUMBER_OBJECT_CONVERSION = YES_AGGRESSIVE;
				CLANG_CXX_LANGUAGE_STANDARD = "gnu++17";
				CLANG_CXX_LIBRARY = "libc++";
				CLANG_ENABLE_MODULES = YES;
				CLANG_ENABLE_OBJC_ARC = YES;
				CLANG_ENABLE_OBJC_WEAK = YES;
				CLANG_WARN_BLOCK_CAPTURE_AUTORELEASING = YES;
				CLANG_WARN_BOOL_CONVERSION = YES;
				CLANG_WARN_COMMA = YES;
				CLANG_WARN_CONSTANT_CONVERSION = YES;
				CLANG_WARN_DEPRECATED_OBJC_IMPLEMENTATIONS = YES;
				CLANG_WARN_DIRECT_OBJC_ISA_USAGE = YES_ERROR;
				CLANG_WARN_DOCUMENTATION_COMMENTS = YES;
				CLANG_WARN_EMPTY_BODY = YES;
				CLANG_WARN_ENUM_CONVERSION = YES;
				CLANG_WARN_INFINITE_RECURSION = YES;
				CLANG_WARN_INT_CONVERSION = YES;
				CLANG_WARN_NON_LITERAL_NULL_CONVERSION = YES;
				CLANG_WARN_OBJC_IMPLICIT_RETAIN_SELF = YES;
				CLANG_WARN_OBJC_LITERAL_CONVERSION = YES;
				CLANG_WARN_OBJC_ROOT_CLASS = YES_ERROR;
				CLANG_WARN_QUOTED_INCLUDE_IN_FRAMEWORK_HEADER = YES;
				CLANG_WARN_RANGE_LOOP_ANALYSIS = YES;
				CLANG_WARN_STRICT_PROTOTYPES = YES;
				CLANG_WARN_SUSPICIOUS_MOVE = YES;
				CLANG_WARN_UNGUARDED_AVAILABILITY = YES_AGGRESSIVE;
				CLANG_WARN_UNREACHABLE_CODE = YES;
				CLANG_WARN__DUPLICATE_METHOD_MATCH = YES;
				COPY_PHASE_STRIP = NO;
				DEBUG_INFORMATION_FORMAT = dwarf;
				ENABLE_STRICT_OBJC_MSGSEND = YES;
				ENABLE_TESTABILITY = YES;
				GCC_C_LANGUAGE_STANDARD = gnu11;
				GCC_DYNAMIC_NO_PIC = NO;
				GCC_NO_COMMON_BLOCKS = YES;
				GCC_OPTIMIZATION_LEVEL = 0;
				GCC_PREPROCESSOR_DEFINITIONS = (
					"DEBUG=1",
					"$(inherited)",
				);
				GCC_WARN_64_TO_32_BIT_CONVERSION = YES;
				GCC_WARN_ABOUT_RETURN_TYPE = YES_ERROR;
				GCC_WARN_UNDECLARED_SELECTOR = YES;
				GCC_WARN_UNINITIALIZED_AUTOS = YES_AGGRESSIVE;
				GCC_WARN_UNUSED_FUNCTION = YES;
				GCC_WARN_UNUSED_VARIABLE = YES;
				IPHONEOS_DEPLOYMENT_TARGET = 15.2;
				MTL_ENABLE_DEBUG_INFO = INCLUDE_SOURCE;
				MTL_FAST_MATH = YES;
				ONLY_ACTIVE_ARCH = YES;
				SDKROOT = iphoneos;
				SWIFT_ACTIVE_COMPILATION_CONDITIONS = DEBUG;
				SWIFT_OPTIMIZATION_LEVEL = "-Onone";
			};
			name = Debug;
		};
		6EDDF44027B990D400778CF3 /* Release */ = {
			isa = XCBuildConfiguration;
			buildSettings = {
				ALWAYS_SEARCH_USER_PATHS = NO;
				CLANG_ANALYZER_LOCALIZABILITY_NONLOCALIZED = YES;
				CLANG_ANALYZER_NONNULL = YES;
				CLANG_ANALYZER_NUMBER_OBJECT_CONVERSION = YES_AGGRESSIVE;
				CLANG_CXX_LANGUAGE_STANDARD = "gnu++17";
				CLANG_CXX_LIBRARY = "libc++";
				CLANG_ENABLE_MODULES = YES;
				CLANG_ENABLE_OBJC_ARC = YES;
				CLANG_ENABLE_OBJC_WEAK = YES;
				CLANG_WARN_BLOCK_CAPTURE_AUTORELEASING = YES;
				CLANG_WARN_BOOL_CONVERSION = YES;
				CLANG_WARN_COMMA = YES;
				CLANG_WARN_CONSTANT_CONVERSION = YES;
				CLANG_WARN_DEPRECATED_OBJC_IMPLEMENTATIONS = YES;
				CLANG_WARN_DIRECT_OBJC_ISA_USAGE = YES_ERROR;
				CLANG_WARN_DOCUMENTATION_COMMENTS = YES;
				CLANG_WARN_EMPTY_BODY = YES;
				CLANG_WARN_ENUM_CONVERSION = YES;
				CLANG_WARN_INFINITE_RECURSION = YES;
				CLANG_WARN_INT_CONVERSION = YES;
				CLANG_WARN_NON_LITERAL_NULL_CONVERSION = YES;
				CLANG_WARN_OBJC_IMPLICIT_RETAIN_SELF = YES;
				CLANG_WARN_OBJC_LITERAL_CONVERSION = YES;
				CLANG_WARN_OBJC_ROOT_CLASS = YES_ERROR;
				CLANG_WARN_QUOTED_INCLUDE_IN_FRAMEWORK_HEADER = YES;
				CLANG_WARN_RANGE_LOOP_ANALYSIS = YES;
				CLANG_WARN_STRICT_PROTOTYPES = YES;
				CLANG_WARN_SUSPICIOUS_MOVE = YES;
				CLANG_WARN_UNGUARDED_AVAILABILITY = YES_AGGRESSIVE;
				CLANG_WARN_UNREACHABLE_CODE = YES;
				CLANG_WARN__DUPLICATE_METHOD_MATCH = YES;
				COPY_PHASE_STRIP = NO;
				DEBUG_INFORMATION_FORMAT = "dwarf-with-dsym";
				ENABLE_NS_ASSERTIONS = NO;
				ENABLE_STRICT_OBJC_MSGSEND = YES;
				GCC_C_LANGUAGE_STANDARD = gnu11;
				GCC_NO_COMMON_BLOCKS = YES;
				GCC_WARN_64_TO_32_BIT_CONVERSION = YES;
				GCC_WARN_ABOUT_RETURN_TYPE = YES_ERROR;
				GCC_WARN_UNDECLARED_SELECTOR = YES;
				GCC_WARN_UNINITIALIZED_AUTOS = YES_AGGRESSIVE;
				GCC_WARN_UNUSED_FUNCTION = YES;
				GCC_WARN_UNUSED_VARIABLE = YES;
				IPHONEOS_DEPLOYMENT_TARGET = 15.2;
				MTL_ENABLE_DEBUG_INFO = NO;
				MTL_FAST_MATH = YES;
				SDKROOT = iphoneos;
				SWIFT_COMPILATION_MODE = wholemodule;
				SWIFT_OPTIMIZATION_LEVEL = "-O";
				VALIDATE_PRODUCT = YES;
			};
			name = Release;
		};
		6EDDF44227B990D400778CF3 /* Debug */ = {
			isa = XCBuildConfiguration;
			buildSettings = {
				ASSETCATALOG_COMPILER_APPICON_NAME = AppIcon;
				ASSETCATALOG_COMPILER_GLOBAL_ACCENT_COLOR_NAME = AccentColor;
				CODE_SIGN_STYLE = Automatic;
				CURRENT_PROJECT_VERSION = 1;
				DEVELOPMENT_ASSET_PATHS = Flags/resources/previews.swift;
				DEVELOPMENT_TEAM = 4UUEFBYP76;
				ENABLE_PREVIEWS = YES;
				GENERATE_INFOPLIST_FILE = YES;
				INFOPLIST_KEY_UIApplicationSceneManifest_Generation = YES;
				INFOPLIST_KEY_UIApplicationSupportsIndirectInputEvents = YES;
				INFOPLIST_KEY_UILaunchScreen_Generation = YES;
				INFOPLIST_KEY_UISupportedInterfaceOrientations_iPad = "UIInterfaceOrientationPortrait UIInterfaceOrientationPortraitUpsideDown UIInterfaceOrientationLandscapeLeft UIInterfaceOrientationLandscapeRight";
				INFOPLIST_KEY_UISupportedInterfaceOrientations_iPhone = "UIInterfaceOrientationPortrait UIInterfaceOrientationLandscapeLeft UIInterfaceOrientationLandscapeRight";
				IPHONEOS_DEPLOYMENT_TARGET = 15.2;
				LD_RUNPATH_SEARCH_PATHS = (
					"$(inherited)",
					"@executable_path/Frameworks",
				);
				MARKETING_VERSION = 1.0;
				PRODUCT_BUNDLE_IDENTIFIER = LeoLem.Flags;
				PRODUCT_NAME = "$(TARGET_NAME)";
				SWIFT_EMIT_LOC_STRINGS = YES;
				SWIFT_VERSION = 5.0;
				TARGETED_DEVICE_FAMILY = "1,2";
			};
			name = Debug;
		};
		6EDDF44327B990D400778CF3 /* Release */ = {
			isa = XCBuildConfiguration;
			buildSettings = {
				ASSETCATALOG_COMPILER_APPICON_NAME = AppIcon;
				ASSETCATALOG_COMPILER_GLOBAL_ACCENT_COLOR_NAME = AccentColor;
				CODE_SIGN_STYLE = Automatic;
				CURRENT_PROJECT_VERSION = 1;
				DEVELOPMENT_ASSET_PATHS = Flags/resources/previews.swift;
				DEVELOPMENT_TEAM = 4UUEFBYP76;
				ENABLE_PREVIEWS = YES;
				GENERATE_INFOPLIST_FILE = YES;
				INFOPLIST_KEY_UIApplicationSceneManifest_Generation = YES;
				INFOPLIST_KEY_UIApplicationSupportsIndirectInputEvents = YES;
				INFOPLIST_KEY_UILaunchScreen_Generation = YES;
				INFOPLIST_KEY_UISupportedInterfaceOrientations_iPad = "UIInterfaceOrientationPortrait UIInterfaceOrientationPortraitUpsideDown UIInterfaceOrientationLandscapeLeft UIInterfaceOrientationLandscapeRight";
				INFOPLIST_KEY_UISupportedInterfaceOrientations_iPhone = "UIInterfaceOrientationPortrait UIInterfaceOrientationLandscapeLeft UIInterfaceOrientationLandscapeRight";
				IPHONEOS_DEPLOYMENT_TARGET = 15.2;
				LD_RUNPATH_SEARCH_PATHS = (
					"$(inherited)",
					"@executable_path/Frameworks",
				);
				MARKETING_VERSION = 1.0;
				PRODUCT_BUNDLE_IDENTIFIER = LeoLem.Flags;
				PRODUCT_NAME = "$(TARGET_NAME)";
				SWIFT_EMIT_LOC_STRINGS = YES;
				SWIFT_VERSION = 5.0;
				TARGETED_DEVICE_FAMILY = "1,2";
			};
			name = Release;
		};
/* End XCBuildConfiguration section */

/* Begin XCConfigurationList section */
		6EDDF42E27B990D300778CF3 /* Build configuration list for PBXProject "Flags" */ = {
			isa = XCConfigurationList;
			buildConfigurations = (
				6EDDF43F27B990D400778CF3 /* Debug */,
				6EDDF44027B990D400778CF3 /* Release */,
			);
			defaultConfigurationIsVisible = 0;
			defaultConfigurationName = Release;
		};
		6EDDF44127B990D400778CF3 /* Build configuration list for PBXNativeTarget "Flags" */ = {
			isa = XCConfigurationList;
			buildConfigurations = (
				6EDDF44227B990D400778CF3 /* Debug */,
				6EDDF44327B990D400778CF3 /* Release */,
			);
			defaultConfigurationIsVisible = 0;
			defaultConfigurationName = Release;
		};
/* End XCConfigurationList section */

/* Begin XCSwiftPackageProductDependency section */
		6E1A498E27B9A5DF00A85AD8 /* MyPackage */ = {
			isa = XCSwiftPackageProductDependency;
			productName = MyPackage;
		};
/* End XCSwiftPackageProductDependency section */
	};
	rootObject = 6EDDF42B27B990D300778CF3 /* Project object */;
}
